
Microsoft Visual Studio Solution File, Format Version 12.00
# Visual Studio Version 17
VisualStudioVersion = 17.11.35222.181
MinimumVisualStudioVersion = 10.0.40219.1
Project("{9A19103F-16F7-4668-BE54-9A1E7A4F7556}") = "BackendChallenge", "BackendChallenge\BackendChallenge.csproj", "{C5811127-304E-484F-BD75-07F5ACDC7D33}"
EndProject
Project("{FAE04EC0-301F-11D3-BF4B-00C04F79EFBC}") = "Parfois.Tests", "Parfois.Tests\Parfois.Tests.csproj", "{AAE130A4-6AD3-420E-8EB9-EC1657BF623B}"
EndProject
Global
	GlobalSection(SolutionConfigurationPlatforms) = preSolution
		Debug|Any CPU = Debug|Any CPU
		Release|Any CPU = Release|Any CPU
	EndGlobalSection
	GlobalSection(ProjectConfigurationPlatforms) = postSolution
		{C5811127-304E-484F-BD75-07F5ACDC7D33}.Debug|Any CPU.ActiveCfg = Debug|Any CPU
		{C5811127-304E-484F-BD75-07F5ACDC7D33}.Debug|Any CPU.Build.0 = Debug|Any CPU
		{C5811127-304E-484F-BD75-07F5ACDC7D33}.Release|Any CPU.ActiveCfg = Release|Any CPU
		{C5811127-304E-484F-BD75-07F5ACDC7D33}.Release|Any CPU.Build.0 = Release|Any CPU
		{AAE130A4-6AD3-420E-8EB9-EC1657BF623B}.Debug|Any CPU.ActiveCfg = Debug|Any CPU
		{AAE130A4-6AD3-420E-8EB9-EC1657BF623B}.Debug|Any CPU.Build.0 = Debug|Any CPU
		{AAE130A4-6AD3-420E-8EB9-EC1657BF623B}.Release|Any CPU.ActiveCfg = Release|Any CPU
		{AAE130A4-6AD3-420E-8EB9-EC1657BF623B}.Release|Any CPU.Build.0 = Release|Any CPU
	EndGlobalSection
	GlobalSection(SolutionProperties) = preSolution
		HideSolutionNode = FALSE
	EndGlobalSection
	GlobalSection(ExtensibilityGlobals) = postSolution
		SolutionGuid = {9BFA5E0C-C676-43E0-B6F6-DEFC441413F0}
	EndGlobalSection
EndGlobal
